
Microsoft Visual Studio Solution File, Format Version 12.00
# Visual Studio Version 16
VisualStudioVersion = 16.0.30907.101
MinimumVisualStudioVersion = 10.0.40219.1
Project("{9A19103F-16F7-4668-BE54-9A1E7A4F7556}") = "ADOPM3_01_07", "ADOPM3_01_07\ADOPM3_01_07.csproj", "{647DE291-B5B1-4934-B855-1D79D6D657D9}"
EndProject
Project("{9A19103F-16F7-4668-BE54-9A1E7A4F7556}") = "ADOPM3_01_08", "ADOPM3_01_08\ADOPM3_01_08.csproj", "{2AB6E488-5923-4C33-B7DA-37085186A155}"
EndProject
Project("{9A19103F-16F7-4668-BE54-9A1E7A4F7556}") = "ADOPM3_01_09", "ADOPM3_01_09\ADOPM3_01_09.csproj", "{0CB4316A-3B83-4F19-B9DE-BA447766CEE9}"
EndProject
Project("{9A19103F-16F7-4668-BE54-9A1E7A4F7556}") = "ADOPM3_01_10", "ADOPM3_01_10\ADOPM3_01_10.csproj", "{05D845CC-96F0-4B12-8DD8-4185A996B4A4}"
EndProject
Project("{9A19103F-16F7-4668-BE54-9A1E7A4F7556}") = "ADOPM3_01_11", "ADOPM3_01_11\ADOPM3_01_11.csproj", "{2DA8BDB5-A79D-4492-98D4-911FCE829B4D}"
EndProject
Project("{9A19103F-16F7-4668-BE54-9A1E7A4F7556}") = "ADOPM3_01_12", "ADOPM3_01_12\ADOPM3_01_12.csproj", "{894C9ABC-FA5D-4817-9C18-D988823B119A}"
EndProject
Project("{9A19103F-16F7-4668-BE54-9A1E7A4F7556}") = "ADOPM3_01_13", "ADOPM3_01_13\ADOPM3_01_13.csproj", "{0C739C93-5CBD-4413-A29F-FC543AE0F5E1}"
EndProject
Project("{9A19103F-16F7-4668-BE54-9A1E7A4F7556}") = "ADOPM3_01_14", "ADOPM3_01_14\ADOPM3_01_14.csproj", "{7AB5159F-4839-42C5-AA1C-C67C2B4E87CF}"
EndProject
Project("{9A19103F-16F7-4668-BE54-9A1E7A4F7556}") = "ADOPM3_01_01", "ADOPM3_01_01\ADOPM3_01_01.csproj", "{27D5AE0A-F9EA-4063-A0E8-A5247D741C15}"
EndProject
Project("{9A19103F-16F7-4668-BE54-9A1E7A4F7556}") = "ADOPM3_01_02", "ADOPM3_01_02\ADOPM3_01_02.csproj", "{28F0072E-161E-49F6-A779-99995A080C59}"
EndProject
Project("{9A19103F-16F7-4668-BE54-9A1E7A4F7556}") = "ADOPM3_01_03", "ADOPM3_01_03\ADOPM3_01_03.csproj", "{35D0CA5D-6314-4B12-BC93-8637EA50DBAC}"
EndProject
Project("{9A19103F-16F7-4668-BE54-9A1E7A4F7556}") = "ADOPM3_01_04", "ADOPM3_01_04\ADOPM3_01_04.csproj", "{68EFAD81-8215-4AF6-BBDF-186BEF395057}"
EndProject
Global
	GlobalSection(SolutionConfigurationPlatforms) = preSolution
		Debug|Any CPU = Debug|Any CPU
		Release|Any CPU = Release|Any CPU
	EndGlobalSection
	GlobalSection(ProjectConfigurationPlatforms) = postSolution
		{647DE291-B5B1-4934-B855-1D79D6D657D9}.Debug|Any CPU.ActiveCfg = Debug|Any CPU
		{647DE291-B5B1-4934-B855-1D79D6D657D9}.Debug|Any CPU.Build.0 = Debug|Any CPU
		{647DE291-B5B1-4934-B855-1D79D6D657D9}.Release|Any CPU.ActiveCfg = Release|Any CPU
		{647DE291-B5B1-4934-B855-1D79D6D657D9}.Release|Any CPU.Build.0 = Release|Any CPU
		{2AB6E488-5923-4C33-B7DA-37085186A155}.Debug|Any CPU.ActiveCfg = Debug|Any CPU
		{2AB6E488-5923-4C33-B7DA-37085186A155}.Debug|Any CPU.Build.0 = Debug|Any CPU
		{2AB6E488-5923-4C33-B7DA-37085186A155}.Release|Any CPU.ActiveCfg = Release|Any CPU
		{2AB6E488-5923-4C33-B7DA-37085186A155}.Release|Any CPU.Build.0 = Release|Any CPU
		{0CB4316A-3B83-4F19-B9DE-BA447766CEE9}.Debug|Any CPU.ActiveCfg = Debug|Any CPU
		{0CB4316A-3B83-4F19-B9DE-BA447766CEE9}.Debug|Any CPU.Build.0 = Debug|Any CPU
		{0CB4316A-3B83-4F19-B9DE-BA447766CEE9}.Release|Any CPU.ActiveCfg = Release|Any CPU
		{0CB4316A-3B83-4F19-B9DE-BA447766CEE9}.Release|Any CPU.Build.0 = Release|Any CPU
		{05D845CC-96F0-4B12-8DD8-4185A996B4A4}.Debug|Any CPU.ActiveCfg = Debug|Any CPU
		{05D845CC-96F0-4B12-8DD8-4185A996B4A4}.Debug|Any CPU.Build.0 = Debug|Any CPU
		{05D845CC-96F0-4B12-8DD8-4185A996B4A4}.Release|Any CPU.ActiveCfg = Release|Any CPU
		{05D845CC-96F0-4B12-8DD8-4185A996B4A4}.Release|Any CPU.Build.0 = Release|Any CPU
		{2DA8BDB5-A79D-4492-98D4-911FCE829B4D}.Debug|Any CPU.ActiveCfg = Debug|Any CPU
		{2DA8BDB5-A79D-4492-98D4-911FCE829B4D}.Debug|Any CPU.Build.0 = Debug|Any CPU
		{2DA8BDB5-A79D-4492-98D4-911FCE829B4D}.Release|Any CPU.ActiveCfg = Release|Any CPU
		{2DA8BDB5-A79D-4492-98D4-911FCE829B4D}.Release|Any CPU.Build.0 = Release|Any CPU
		{894C9ABC-FA5D-4817-9C18-D988823B119A}.Debug|Any CPU.ActiveCfg = Debug|Any CPU
		{894C9ABC-FA5D-4817-9C18-D988823B119A}.Debug|Any CPU.Build.0 = Debug|Any CPU
		{894C9ABC-FA5D-4817-9C18-D988823B119A}.Release|Any CPU.ActiveCfg = Release|Any CPU
		{894C9ABC-FA5D-4817-9C18-D988823B119A}.Release|Any CPU.Build.0 = Release|Any CPU
		{0C739C93-5CBD-4413-A29F-FC543AE0F5E1}.Debug|Any CPU.ActiveCfg = Debug|Any CPU
		{0C739C93-5CBD-4413-A29F-FC543AE0F5E1}.Debug|Any CPU.Build.0 = Debug|Any CPU
		{0C739C93-5CBD-4413-A29F-FC543AE0F5E1}.Release|Any CPU.ActiveCfg = Release|Any CPU
		{0C739C93-5CBD-4413-A29F-FC543AE0F5E1}.Release|Any CPU.Build.0 = Release|Any CPU
		{7AB5159F-4839-42C5-AA1C-C67C2B4E87CF}.Debug|Any CPU.ActiveCfg = Debug|Any CPU
		{7AB5159F-4839-42C5-AA1C-C67C2B4E87CF}.Debug|Any CPU.Build.0 = Debug|Any CPU
		{7AB5159F-4839-42C5-AA1C-C67C2B4E87CF}.Release|Any CPU.ActiveCfg = Release|Any CPU
		{7AB5159F-4839-42C5-AA1C-C67C2B4E87CF}.Release|Any CPU.Build.0 = Release|Any CPU
		{27D5AE0A-F9EA-4063-A0E8-A5247D741C15}.Debug|Any CPU.ActiveCfg = Debug|Any CPU
		{27D5AE0A-F9EA-4063-A0E8-A5247D741C15}.Debug|Any CPU.Build.0 = Debug|Any CPU
		{27D5AE0A-F9EA-4063-A0E8-A5247D741C15}.Release|Any CPU.ActiveCfg = Release|Any CPU
		{27D5AE0A-F9EA-4063-A0E8-A5247D741C15}.Release|Any CPU.Build.0 = Release|Any CPU
		{28F0072E-161E-49F6-A779-99995A080C59}.Debug|Any CPU.ActiveCfg = Debug|Any CPU
		{28F0072E-161E-49F6-A779-99995A080C59}.Debug|Any CPU.Build.0 = Debug|Any CPU
		{28F0072E-161E-49F6-A779-99995A080C59}.Release|Any CPU.ActiveCfg = Release|Any CPU
		{28F0072E-161E-49F6-A779-99995A080C59}.Release|Any CPU.Build.0 = Release|Any CPU
		{35D0CA5D-6314-4B12-BC93-8637EA50DBAC}.Debug|Any CPU.ActiveCfg = Debug|Any CPU
		{35D0CA5D-6314-4B12-BC93-8637EA50DBAC}.Debug|Any CPU.Build.0 = Debug|Any CPU
		{35D0CA5D-6314-4B12-BC93-8637EA50DBAC}.Release|Any CPU.ActiveCfg = Release|Any CPU
		{35D0CA5D-6314-4B12-BC93-8637EA50DBAC}.Release|Any CPU.Build.0 = Release|Any CPU
		{68EFAD81-8215-4AF6-BBDF-186BEF395057}.Debug|Any CPU.ActiveCfg = Debug|Any CPU
		{68EFAD81-8215-4AF6-BBDF-186BEF395057}.Debug|Any CPU.Build.0 = Debug|Any CPU
		{68EFAD81-8215-4AF6-BBDF-186BEF395057}.Release|Any CPU.ActiveCfg = Release|Any CPU
		{68EFAD81-8215-4AF6-BBDF-186BEF395057}.Release|Any CPU.Build.0 = Release|Any CPU
	EndGlobalSection
	GlobalSection(SolutionProperties) = preSolution
		HideSolutionNode = FALSE
	EndGlobalSection
	GlobalSection(ExtensibilityGlobals) = postSolution
		SolutionGuid = {3BC641D7-2D4C-47E1-9A16-AC332552B7EF}
	EndGlobalSection
EndGlobal
